// !$*UTF8*$!
{
	archiveVersion = 1;
	classes = {
	};
	objectVersion = 46;
	objects = {

/* Begin PBXBuildFile section */
		033B702E1C86EFF900C9DF28 /* AppDelegate.swift in Sources */ = {isa = PBXBuildFile; fileRef = 033B702D1C86EFF900C9DF28 /* AppDelegate.swift */; };
		033B70301C86EFF900C9DF28 /* ViewController.swift in Sources */ = {isa = PBXBuildFile; fileRef = 033B702F1C86EFF900C9DF28 /* ViewController.swift */; };
		033B70331C86EFF900C9DF28 /* Main.storyboard in Resources */ = {isa = PBXBuildFile; fileRef = 033B70311C86EFF900C9DF28 /* Main.storyboard */; };
		033B70351C86EFF900C9DF28 /* Assets.xcassets in Resources */ = {isa = PBXBuildFile; fileRef = 033B70341C86EFF900C9DF28 /* Assets.xcassets */; };
		033B70381C86EFF900C9DF28 /* LaunchScreen.storyboard in Resources */ = {isa = PBXBuildFile; fileRef = 033B70361C86EFF900C9DF28 /* LaunchScreen.storyboard */; };
		033B70431C86EFF900C9DF28 /* VocalizerTests.swift in Sources */ = {isa = PBXBuildFile; fileRef = 033B70421C86EFF900C9DF28 /* VocalizerTests.swift */; };
		033B704E1C86EFF900C9DF28 /* VocalizerUITests.swift in Sources */ = {isa = PBXBuildFile; fileRef = 033B704D1C86EFF900C9DF28 /* VocalizerUITests.swift */; };
/* End PBXBuildFile section */

/* Begin PBXContainerItemProxy section */
		033B703F1C86EFF900C9DF28 /* PBXContainerItemProxy */ = {
			isa = PBXContainerItemProxy;
			containerPortal = 033B70221C86EFF900C9DF28 /* Project object */;
			proxyType = 1;
			remoteGlobalIDString = 033B70291C86EFF900C9DF28;
			remoteInfo = Vocalizer;
		};
		033B704A1C86EFF900C9DF28 /* PBXContainerItemProxy */ = {
			isa = PBXContainerItemProxy;
			containerPortal = 033B70221C86EFF900C9DF28 /* Project object */;
			proxyType = 1;
			remoteGlobalIDString = 033B70291C86EFF900C9DF28;
			remoteInfo = Vocalizer;
		};
/* End PBXContainerItemProxy section */

/* Begin PBXFileReference section */
		033B702A1C86EFF900C9DF28 /* Vocalizer.app */ = {isa = PBXFileReference; explicitFileType = wrapper.application; includeInIndex = 0; path = Vocalizer.app; sourceTree = BUILT_PRODUCTS_DIR; };
		033B702D1C86EFF900C9DF28 /* AppDelegate.swift */ = {isa = PBXFileReference; lastKnownFileType = sourcecode.swift; path = AppDelegate.swift; sourceTree = "<group>"; };
		033B702F1C86EFF900C9DF28 /* ViewController.swift */ = {isa = PBXFileReference; lastKnownFileType = sourcecode.swift; path = ViewController.swift; sourceTree = "<group>"; };
		033B70321C86EFF900C9DF28 /* Base */ = {isa = PBXFileReference; lastKnownFileType = file.storyboard; name = Base; path = Base.lproj/Main.storyboard; sourceTree = "<group>"; };
		033B70341C86EFF900C9DF28 /* Assets.xcassets */ = {isa = PBXFileReference; lastKnownFileType = folder.assetcatalog; path = Assets.xcassets; sourceTree = "<group>"; };
		033B70371C86EFF900C9DF28 /* Base */ = {isa = PBXFileReference; lastKnownFileType = file.storyboard; name = Base; path = Base.lproj/LaunchScreen.storyboard; sourceTree = "<group>"; };
		033B70391C86EFF900C9DF28 /* Info.plist */ = {isa = PBXFileReference; lastKnownFileType = text.plist.xml; path = Info.plist; sourceTree = "<group>"; };
		033B703E1C86EFF900C9DF28 /* VocalizerTests.xctest */ = {isa = PBXFileReference; explicitFileType = wrapper.cfbundle; includeInIndex = 0; path = VocalizerTests.xctest; sourceTree = BUILT_PRODUCTS_DIR; };
		033B70421C86EFF900C9DF28 /* VocalizerTests.swift */ = {isa = PBXFileReference; lastKnownFileType = sourcecode.swift; path = VocalizerTests.swift; sourceTree = "<group>"; };
		033B70441C86EFF900C9DF28 /* Info.plist */ = {isa = PBXFileReference; lastKnownFileType = text.plist.xml; path = Info.plist; sourceTree = "<group>"; };
		033B70491C86EFF900C9DF28 /* VocalizerUITests.xctest */ = {isa = PBXFileReference; explicitFileType = wrapper.cfbundle; includeInIndex = 0; path = VocalizerUITests.xctest; sourceTree = BUILT_PRODUCTS_DIR; };
		033B704D1C86EFF900C9DF28 /* VocalizerUITests.swift */ = {isa = PBXFileReference; lastKnownFileType = sourcecode.swift; path = VocalizerUITests.swift; sourceTree = "<group>"; };
		033B704F1C86EFF900C9DF28 /* Info.plist */ = {isa = PBXFileReference; lastKnownFileType = text.plist.xml; path = Info.plist; sourceTree = "<group>"; };
/* End PBXFileReference section */

/* Begin PBXFrameworksBuildPhase section */
		033B70271C86EFF900C9DF28 /* Frameworks */ = {
			isa = PBXFrameworksBuildPhase;
			buildActionMask = 2147483647;
			files = (
			);
			runOnlyForDeploymentPostprocessing = 0;
		};
		033B703B1C86EFF900C9DF28 /* Frameworks */ = {
			isa = PBXFrameworksBuildPhase;
			buildActionMask = 2147483647;
			files = (
			);
			runOnlyForDeploymentPostprocessing = 0;
		};
		033B70461C86EFF900C9DF28 /* Frameworks */ = {
			isa = PBXFrameworksBuildPhase;
			buildActionMask = 2147483647;
			files = (
			);
			runOnlyForDeploymentPostprocessing = 0;
		};
/* End PBXFrameworksBuildPhase section */

/* Begin PBXGroup section */
		033B70211C86EFF900C9DF28 = {
			isa = PBXGroup;
			children = (
				033B702C1C86EFF900C9DF28 /* Vocalizer */,
				033B70411C86EFF900C9DF28 /* VocalizerTests */,
				033B704C1C86EFF900C9DF28 /* VocalizerUITests */,
				033B702B1C86EFF900C9DF28 /* Products */,
			);
			sourceTree = "<group>";
		};
		033B702B1C86EFF900C9DF28 /* Products */ = {
			isa = PBXGroup;
			children = (
				033B702A1C86EFF900C9DF28 /* Vocalizer.app */,
				033B703E1C86EFF900C9DF28 /* VocalizerTests.xctest */,
				033B70491C86EFF900C9DF28 /* VocalizerUITests.xctest */,
			);
			name = Products;
			sourceTree = "<group>";
		};
		033B702C1C86EFF900C9DF28 /* Vocalizer */ = {
			isa = PBXGroup;
			children = (
				033B702D1C86EFF900C9DF28 /* AppDelegate.swift */,
				033B702F1C86EFF900C9DF28 /* ViewController.swift */,
				033B70311C86EFF900C9DF28 /* Main.storyboard */,
				033B70341C86EFF900C9DF28 /* Assets.xcassets */,
				033B70361C86EFF900C9DF28 /* LaunchScreen.storyboard */,
				033B70391C86EFF900C9DF28 /* Info.plist */,
			);
			path = Vocalizer;
			sourceTree = "<group>";
		};
		033B70411C86EFF900C9DF28 /* VocalizerTests */ = {
			isa = PBXGroup;
			children = (
				033B70421C86EFF900C9DF28 /* VocalizerTests.swift */,
				033B70441C86EFF900C9DF28 /* Info.plist */,
			);
			path = VocalizerTests;
			sourceTree = "<group>";
		};
		033B704C1C86EFF900C9DF28 /* VocalizerUITests */ = {
			isa = PBXGroup;
			children = (
				033B704D1C86EFF900C9DF28 /* VocalizerUITests.swift */,
				033B704F1C86EFF900C9DF28 /* Info.plist */,
			);
			path = VocalizerUITests;
			sourceTree = "<group>";
		};
/* End PBXGroup section */

/* Begin PBXNativeTarget section */
		033B70291C86EFF900C9DF28 /* Vocalizer */ = {
			isa = PBXNativeTarget;
			buildConfigurationList = 033B70521C86EFF900C9DF28 /* Build configuration list for PBXNativeTarget "Vocalizer" */;
			buildPhases = (
				033B70261C86EFF900C9DF28 /* Sources */,
				033B70271C86EFF900C9DF28 /* Frameworks */,
				033B70281C86EFF900C9DF28 /* Resources */,
			);
			buildRules = (
			);
			dependencies = (
			);
			name = Vocalizer;
			productName = Vocalizer;
			productReference = 033B702A1C86EFF900C9DF28 /* Vocalizer.app */;
			productType = "com.apple.product-type.application";
		};
		033B703D1C86EFF900C9DF28 /* VocalizerTests */ = {
			isa = PBXNativeTarget;
			buildConfigurationList = 033B70551C86EFF900C9DF28 /* Build configuration list for PBXNativeTarget "VocalizerTests" */;
			buildPhases = (
				033B703A1C86EFF900C9DF28 /* Sources */,
				033B703B1C86EFF900C9DF28 /* Frameworks */,
				033B703C1C86EFF900C9DF28 /* Resources */,
			);
			buildRules = (
			);
			dependencies = (
				033B70401C86EFF900C9DF28 /* PBXTargetDependency */,
			);
			name = VocalizerTests;
			productName = VocalizerTests;
			productReference = 033B703E1C86EFF900C9DF28 /* VocalizerTests.xctest */;
			productType = "com.apple.product-type.bundle.unit-test";
		};
		033B70481C86EFF900C9DF28 /* VocalizerUITests */ = {
			isa = PBXNativeTarget;
			buildConfigurationList = 033B70581C86EFF900C9DF28 /* Build configuration list for PBXNativeTarget "VocalizerUITests" */;
			buildPhases = (
				033B70451C86EFF900C9DF28 /* Sources */,
				033B70461C86EFF900C9DF28 /* Frameworks */,
				033B70471C86EFF900C9DF28 /* Resources */,
			);
			buildRules = (
			);
			dependencies = (
				033B704B1C86EFF900C9DF28 /* PBXTargetDependency */,
			);
			name = VocalizerUITests;
			productName = VocalizerUITests;
			productReference = 033B70491C86EFF900C9DF28 /* VocalizerUITests.xctest */;
			productType = "com.apple.product-type.bundle.ui-testing";
		};
/* End PBXNativeTarget section */

/* Begin PBXProject section */
		033B70221C86EFF900C9DF28 /* Project object */ = {
			isa = PBXProject;
			attributes = {
				LastSwiftUpdateCheck = 0730;
				LastUpgradeCheck = 0730;
				ORGANIZATIONNAME = "Thomas Truongchau";
				TargetAttributes = {
					033B70291C86EFF900C9DF28 = {
						CreatedOnToolsVersion = 7.3;
					};
					033B703D1C86EFF900C9DF28 = {
						CreatedOnToolsVersion = 7.3;
						TestTargetID = 033B70291C86EFF900C9DF28;
					};
					033B70481C86EFF900C9DF28 = {
						CreatedOnToolsVersion = 7.3;
						TestTargetID = 033B70291C86EFF900C9DF28;
					};
				};
			};
			buildConfigurationList = 033B70251C86EFF900C9DF28 /* Build configuration list for PBXProject "Vocalizer" */;
			compatibilityVersion = "Xcode 3.2";
			developmentRegion = English;
			hasScannedForEncodings = 0;
			knownRegions = (
				en,
				Base,
			);
			mainGroup = 033B70211C86EFF900C9DF28;
			productRefGroup = 033B702B1C86EFF900C9DF28 /* Products */;
			projectDirPath = "";
			projectRoot = "";
			targets = (
				033B70291C86EFF900C9DF28 /* Vocalizer */,
				033B703D1C86EFF900C9DF28 /* VocalizerTests */,
				033B70481C86EFF900C9DF28 /* VocalizerUITests */,
			);
		};
/* End PBXProject section */

/* Begin PBXResourcesBuildPhase section */
		033B70281C86EFF900C9DF28 /* Resources */ = {
			isa = PBXResourcesBuildPhase;
			buildActionMask = 2147483647;
			files = (
				033B70381C86EFF900C9DF28 /* LaunchScreen.storyboard in Resources */,
				033B70351C86EFF900C9DF28 /* Assets.xcassets in Resources */,
				033B70331C86EFF900C9DF28 /* Main.storyboard in Resources */,
			);
			runOnlyForDeploymentPostprocessing = 0;
		};
		033B703C1C86EFF900C9DF28 /* Resources */ = {
			isa = PBXResourcesBuildPhase;
			buildActionMask = 2147483647;
			files = (
			);
			runOnlyForDeploymentPostprocessing = 0;
		};
		033B70471C86EFF900C9DF28 /* Resources */ = {
			isa = PBXResourcesBuildPhase;
			buildActionMask = 2147483647;
			files = (
			);
			runOnlyForDeploymentPostprocessing = 0;
		};
/* End PBXResourcesBuildPhase section */

/* Begin PBXSourcesBuildPhase section */
		033B70261C86EFF900C9DF28 /* Sources */ = {
			isa = PBXSourcesBuildPhase;
			buildActionMask = 2147483647;
			files = (
				033B70301C86EFF900C9DF28 /* ViewController.swift in Sources */,
				033B702E1C86EFF900C9DF28 /* AppDelegate.swift in Sources */,
			);
			runOnlyForDeploymentPostprocessing = 0;
		};
		033B703A1C86EFF900C9DF28 /* Sources */ = {
			isa = PBXSourcesBuildPhase;
			buildActionMask = 2147483647;
			files = (
				033B70431C86EFF900C9DF28 /* VocalizerTests.swift in Sources */,
			);
			runOnlyForDeploymentPostprocessing = 0;
		};
		033B70451C86EFF900C9DF28 /* Sources */ = {
			isa = PBXSourcesBuildPhase;
			buildActionMask = 2147483647;
			files = (
				033B704E1C86EFF900C9DF28 /* VocalizerUITests.swift in Sources */,
			);
			runOnlyForDeploymentPostprocessing = 0;
		};
/* End PBXSourcesBuildPhase section */

/* Begin PBXTargetDependency section */
		033B70401C86EFF900C9DF28 /* PBXTargetDependency */ = {
			isa = PBXTargetDependency;
			target = 033B70291C86EFF900C9DF28 /* Vocalizer */;
			targetProxy = 033B703F1C86EFF900C9DF28 /* PBXContainerItemProxy */;
		};
		033B704B1C86EFF900C9DF28 /* PBXTargetDependency */ = {
			isa = PBXTargetDependency;
			target = 033B70291C86EFF900C9DF28 /* Vocalizer */;
			targetProxy = 033B704A1C86EFF900C9DF28 /* PBXContainerItemProxy */;
		};
/* End PBXTargetDependency section */

/* Begin PBXVariantGroup section */
		033B70311C86EFF900C9DF28 /* Main.storyboard */ = {
			isa = PBXVariantGroup;
			children = (
				033B70321C86EFF900C9DF28 /* Base */,
			);
			name = Main.storyboard;
			sourceTree = "<group>";
		};
		033B70361C86EFF900C9DF28 /* LaunchScreen.storyboard */ = {
			isa = PBXVariantGroup;
			children = (
				033B70371C86EFF900C9DF28 /* Base */,
			);
			name = LaunchScreen.storyboard;
			sourceTree = "<group>";
		};
/* End PBXVariantGroup section */

/* Begin XCBuildConfiguration section */
		033B70501C86EFF900C9DF28 /* Debug */ = {
			isa = XCBuildConfiguration;
			buildSettings = {
				ALWAYS_SEARCH_USER_PATHS = NO;
				CLANG_ANALYZER_NONNULL = YES;
				CLANG_CXX_LANGUAGE_STANDARD = "gnu++0x";
				CLANG_CXX_LIBRARY = "libc++";
				CLANG_ENABLE_MODULES = YES;
				CLANG_ENABLE_OBJC_ARC = YES;
				CLANG_WARN_BOOL_CONVERSION = YES;
				CLANG_WARN_CONSTANT_CONVERSION = YES;
				CLANG_WARN_DIRECT_OBJC_ISA_USAGE = YES_ERROR;
				CLANG_WARN_EMPTY_BODY = YES;
				CLANG_WARN_ENUM_CONVERSION = YES;
				CLANG_WARN_INT_CONVERSION = YES;
				CLANG_WARN_OBJC_ROOT_CLASS = YES_ERROR;
				CLANG_WARN_UNREACHABLE_CODE = YES;
				CLANG_WARN__DUPLICATE_METHOD_MATCH = YES;
				"CODE_SIGN_IDENTITY[sdk=iphoneos*]" = "iPhone Developer";
				COPY_PHASE_STRIP = NO;
				DEBUG_INFORMATION_FORMAT = dwarf;
				ENABLE_STRICT_OBJC_MSGSEND = YES;
				ENABLE_TESTABILITY = YES;
				GCC_C_LANGUAGE_STANDARD = gnu99;
				GCC_DYNAMIC_NO_PIC = NO;
				GCC_NO_COMMON_BLOCKS = YES;
				GCC_OPTIMIZATION_LEVEL = 0;
				GCC_PREPROCESSOR_DEFINITIONS = (
					"DEBUG=1",
					"$(inherited)",
				);
				GCC_WARN_64_TO_32_BIT_CONVERSION = YES;
				GCC_WARN_ABOUT_RETURN_TYPE = YES_ERROR;
				GCC_WARN_UNDECLARED_SELECTOR = YES;
				GCC_WARN_UNINITIALIZED_AUTOS = YES_AGGRESSIVE;
				GCC_WARN_UNUSED_FUNCTION = YES;
				GCC_WARN_UNUSED_VARIABLE = YES;
				IPHONEOS_DEPLOYMENT_TARGET = 9.3;
				MTL_ENABLE_DEBUG_INFO = YES;
				ONLY_ACTIVE_ARCH = YES;
				SDKROOT = iphoneos;
				SWIFT_OPTIMIZATION_LEVEL = "-Onone";
			};
			name = Debug;
		};
		033B70511C86EFF900C9DF28 /* Release */ = {
			isa = XCBuildConfiguration;
			buildSettings = {
				ALWAYS_SEARCH_USER_PATHS = NO;
				CLANG_ANALYZER_NONNULL = YES;
				CLANG_CXX_LANGUAGE_STANDARD = "gnu++0x";
				CLANG_CXX_LIBRARY = "libc++";
				CLANG_ENABLE_MODULES = YES;
				CLANG_ENABLE_OBJC_ARC = YES;
				CLANG_WARN_BOOL_CONVERSION = YES;
				CLANG_WARN_CONSTANT_CONVERSION = YES;
				CLANG_WARN_DIRECT_OBJC_ISA_USAGE = YES_ERROR;
				CLANG_WARN_EMPTY_BODY = YES;
				CLANG_WARN_ENUM_CONVERSION = YES;
				CLANG_WARN_INT_CONVERSION = YES;
				CLANG_WARN_OBJC_ROOT_CLASS = YES_ERROR;
				CLANG_WARN_UNREACHABLE_CODE = YES;
				CLANG_WARN__DUPLICATE_METHOD_MATCH = YES;
				"CODE_SIGN_IDENTITY[sdk=iphoneos*]" = "iPhone Developer";
				COPY_PHASE_STRIP = NO;
				DEBUG_INFORMATION_FORMAT = "dwarf-with-dsym";
				ENABLE_NS_ASSERTIONS = NO;
				ENABLE_STRICT_OBJC_MSGSEND = YES;
				GCC_C_LANGUAGE_STANDARD = gnu99;
				GCC_NO_COMMON_BLOCKS = YES;
				GCC_WARN_64_TO_32_BIT_CONVERSION = YES;
				GCC_WARN_ABOUT_RETURN_TYPE = YES_ERROR;
				GCC_WARN_UNDECLARED_SELECTOR = YES;
				GCC_WARN_UNINITIALIZED_AUTOS = YES_AGGRESSIVE;
				GCC_WARN_UNUSED_FUNCTION = YES;
				GCC_WARN_UNUSED_VARIABLE = YES;
				IPHONEOS_DEPLOYMENT_TARGET = 9.3;
				MTL_ENABLE_DEBUG_INFO = NO;
				SDKROOT = iphoneos;
				VALIDATE_PRODUCT = YES;
			};
			name = Release;
		};
		033B70531C86EFF900C9DF28 /* Debug */ = {
			isa = XCBuildConfiguration;
			buildSettings = {
				ASSETCATALOG_COMPILER_APPICON_NAME = AppIcon;
				INFOPLIST_FILE = Vocalizer/Info.plist;
				LD_RUNPATH_SEARCH_PATHS = "$(inherited) @executable_path/Frameworks";
				PRODUCT_BUNDLE_IDENTIFIER = com.thtruo.github.Vocalizer;
				PRODUCT_NAME = "$(TARGET_NAME)";
			};
			name = Debug;
		};
		033B70541C86EFF900C9DF28 /* Release */ = {
			isa = XCBuildConfiguration;
			buildSettings = {
				ASSETCATALOG_COMPILER_APPICON_NAME = AppIcon;
				INFOPLIST_FILE = Vocalizer/Info.plist;
				LD_RUNPATH_SEARCH_PATHS = "$(inherited) @executable_path/Frameworks";
				PRODUCT_BUNDLE_IDENTIFIER = com.thtruo.github.Vocalizer;
				PRODUCT_NAME = "$(TARGET_NAME)";
			};
			name = Release;
		};
		033B70561C86EFF900C9DF28 /* Debug */ = {
			isa = XCBuildConfiguration;
			buildSettings = {
				BUNDLE_LOADER = "$(TEST_HOST)";
				INFOPLIST_FILE = VocalizerTests/Info.plist;
				LD_RUNPATH_SEARCH_PATHS = "$(inherited) @executable_path/Frameworks @loader_path/Frameworks";
				PRODUCT_BUNDLE_IDENTIFIER = com.thtruo.github.VocalizerTests;
				PRODUCT_NAME = "$(TARGET_NAME)";
				TEST_HOST = "$(BUILT_PRODUCTS_DIR)/Vocalizer.app/Vocalizer";
			};
			name = Debug;
		};
		033B70571C86EFF900C9DF28 /* Release */ = {
			isa = XCBuildConfiguration;
			buildSettings = {
				BUNDLE_LOADER = "$(TEST_HOST)";
				INFOPLIST_FILE = VocalizerTests/Info.plist;
				LD_RUNPATH_SEARCH_PATHS = "$(inherited) @executable_path/Frameworks @loader_path/Frameworks";
				PRODUCT_BUNDLE_IDENTIFIER = com.thtruo.github.VocalizerTests;
				PRODUCT_NAME = "$(TARGET_NAME)";
				TEST_HOST = "$(BUILT_PRODUCTS_DIR)/Vocalizer.app/Vocalizer";
			};
			name = Release;
		};
		033B70591C86EFF900C9DF28 /* Debug */ = {
			isa = XCBuildConfiguration;
			buildSettings = {
				INFOPLIST_FILE = VocalizerUITests/Info.plist;
				LD_RUNPATH_SEARCH_PATHS = "$(inherited) @executable_path/Frameworks @loader_path/Frameworks";
				PRODUCT_BUNDLE_IDENTIFIER = com.thtruo.github.VocalizerUITests;
				PRODUCT_NAME = "$(TARGET_NAME)";
				TEST_TARGET_NAME = Vocalizer;
			};
			name = Debug;
		};
		033B705A1C86EFF900C9DF28 /* Release */ = {
			isa = XCBuildConfiguration;
			buildSettings = {
				INFOPLIST_FILE = VocalizerUITests/Info.plist;
				LD_RUNPATH_SEARCH_PATHS = "$(inherited) @executable_path/Frameworks @loader_path/Frameworks";
				PRODUCT_BUNDLE_IDENTIFIER = com.thtruo.github.VocalizerUITests;
				PRODUCT_NAME = "$(TARGET_NAME)";
				TEST_TARGET_NAME = Vocalizer;
			};
			name = Release;
		};
/* End XCBuildConfiguration section */

/* Begin XCConfigurationList section */
		033B70251C86EFF900C9DF28 /* Build configuration list for PBXProject "Vocalizer" */ = {
			isa = XCConfigurationList;
			buildConfigurations = (
				033B70501C86EFF900C9DF28 /* Debug */,
				033B70511C86EFF900C9DF28 /* Release */,
			);
			defaultConfigurationIsVisible = 0;
			defaultConfigurationName = Release;
		};
		033B70521C86EFF900C9DF28 /* Build configuration list for PBXNativeTarget "Vocalizer" */ = {
			isa = XCConfigurationList;
			buildConfigurations = (
				033B70531C86EFF900C9DF28 /* Debug */,
				033B70541C86EFF900C9DF28 /* Release */,
			);
			defaultConfigurationIsVisible = 0;
		};
		033B70551C86EFF900C9DF28 /* Build configuration list for PBXNativeTarget "VocalizerTests" */ = {
			isa = XCConfigurationList;
			buildConfigurations = (
				033B70561C86EFF900C9DF28 /* Debug */,
				033B70571C86EFF900C9DF28 /* Release */,
			);
			defaultConfigurationIsVisible = 0;
		};
		033B70581C86EFF900C9DF28 /* Build configuration list for PBXNativeTarget "VocalizerUITests" */ = {
			isa = XCConfigurationList;
			buildConfigurations = (
				033B70591C86EFF900C9DF28 /* Debug */,
				033B705A1C86EFF900C9DF28 /* Release */,
			);
			defaultConfigurationIsVisible = 0;
		};
/* End XCConfigurationList section */
	};
	rootObject = 033B70221C86EFF900C9DF28 /* Project object */;
}
